// !$*UTF8*$!
{
	archiveVersion = 1;
	classes = {
	};
	objectVersion = 77;
	objects = {

/* Begin PBXContainerItemProxy section */
		AA5F54E62D293DD1004E1B62 /* PBXContainerItemProxy */ = {
			isa = PBXContainerItemProxy;
			containerPortal = AA5F54C82D293DD0004E1B62 /* Project object */;
			proxyType = 1;
			remoteGlobalIDString = AA5F54CF2D293DD0004E1B62;
			remoteInfo = SymetricCrypto;
		};
		AA5F54F02D293DD1004E1B62 /* PBXContainerItemProxy */ = {
			isa = PBXContainerItemProxy;
			containerPortal = AA5F54C82D293DD0004E1B62 /* Project object */;
			proxyType = 1;
			remoteGlobalIDString = AA5F54CF2D293DD0004E1B62;
			remoteInfo = SymetricCrypto;
		};
/* End PBXContainerItemProxy section */

/* Begin PBXFileReference section */
		AA5F54D02D293DD0004E1B62 /* SymetricCrypto.app */ = {isa = PBXFileReference; explicitFileType = wrapper.application; includeInIndex = 0; path = SymetricCrypto.app; sourceTree = BUILT_PRODUCTS_DIR; };
		AA5F54E52D293DD1004E1B62 /* SymetricCryptoTests.xctest */ = {isa = PBXFileReference; explicitFileType = wrapper.cfbundle; includeInIndex = 0; path = SymetricCryptoTests.xctest; sourceTree = BUILT_PRODUCTS_DIR; };
		AA5F54EF2D293DD1004E1B62 /* SymetricCryptoUITests.xctest */ = {isa = PBXFileReference; explicitFileType = wrapper.cfbundle; includeInIndex = 0; path = SymetricCryptoUITests.xctest; sourceTree = BUILT_PRODUCTS_DIR; };
/* End PBXFileReference section */

/* Begin PBXFileSystemSynchronizedRootGroup section */
		AA5F54D22D293DD0004E1B62 /* SymetricCrypto */ = {
			isa = PBXFileSystemSynchronizedRootGroup;
			path = SymetricCrypto;
			sourceTree = "<group>";
		};
		AA5F54E82D293DD1004E1B62 /* SymetricCryptoTests */ = {
			isa = PBXFileSystemSynchronizedRootGroup;
			path = SymetricCryptoTests;
			sourceTree = "<group>";
		};
		AA5F54F22D293DD1004E1B62 /* SymetricCryptoUITests */ = {
			isa = PBXFileSystemSynchronizedRootGroup;
			path = SymetricCryptoUITests;
			sourceTree = "<group>";
		};
/* End PBXFileSystemSynchronizedRootGroup section */

/* Begin PBXFrameworksBuildPhase section */
		AA5F54CD2D293DD0004E1B62 /* Frameworks */ = {
			isa = PBXFrameworksBuildPhase;
			buildActionMask = 2147483647;
			files = (
			);
			runOnlyForDeploymentPostprocessing = 0;
		};
		AA5F54E22D293DD1004E1B62 /* Frameworks */ = {
			isa = PBXFrameworksBuildPhase;
			buildActionMask = 2147483647;
			files = (
			);
			runOnlyForDeploymentPostprocessing = 0;
		};
		AA5F54EC2D293DD1004E1B62 /* Frameworks */ = {
			isa = PBXFrameworksBuildPhase;
			buildActionMask = 2147483647;
			files = (
			);
			runOnlyForDeploymentPostprocessing = 0;
		};
/* End PBXFrameworksBuildPhase section */

/* Begin PBXGroup section */
		AA5F54C72D293DD0004E1B62 = {
			isa = PBXGroup;
			children = (
				AA5F54D22D293DD0004E1B62 /* SymetricCrypto */,
				AA5F54E82D293DD1004E1B62 /* SymetricCryptoTests */,
				AA5F54F22D293DD1004E1B62 /* SymetricCryptoUITests */,
				AA5F54D12D293DD0004E1B62 /* Products */,
			);
			sourceTree = "<group>";
		};
		AA5F54D12D293DD0004E1B62 /* Products */ = {
			isa = PBXGroup;
			children = (
				AA5F54D02D293DD0004E1B62 /* SymetricCrypto.app */,
				AA5F54E52D293DD1004E1B62 /* SymetricCryptoTests.xctest */,
				AA5F54EF2D293DD1004E1B62 /* SymetricCryptoUITests.xctest */,
			);
			name = Products;
			sourceTree = "<group>";
		};
/* End PBXGroup section */

/* Begin PBXNativeTarget section */
		AA5F54CF2D293DD0004E1B62 /* SymetricCrypto */ = {
			isa = PBXNativeTarget;
			buildConfigurationList = AA5F54F92D293DD1004E1B62 /* Build configuration list for PBXNativeTarget "SymetricCrypto" */;
			buildPhases = (
				AA5F54CC2D293DD0004E1B62 /* Sources */,
				AA5F54CD2D293DD0004E1B62 /* Frameworks */,
				AA5F54CE2D293DD0004E1B62 /* Resources */,
			);
			buildRules = (
			);
			dependencies = (
			);
			fileSystemSynchronizedGroups = (
				AA5F54D22D293DD0004E1B62 /* SymetricCrypto */,
			);
			name = SymetricCrypto;
			packageProductDependencies = (
			);
			productName = SymetricCrypto;
			productReference = AA5F54D02D293DD0004E1B62 /* SymetricCrypto.app */;
			productType = "com.apple.product-type.application";
		};
		AA5F54E42D293DD1004E1B62 /* SymetricCryptoTests */ = {
			isa = PBXNativeTarget;
			buildConfigurationList = AA5F54FC2D293DD1004E1B62 /* Build configuration list for PBXNativeTarget "SymetricCryptoTests" */;
			buildPhases = (
				AA5F54E12D293DD1004E1B62 /* Sources */,
				AA5F54E22D293DD1004E1B62 /* Frameworks */,
				AA5F54E32D293DD1004E1B62 /* Resources */,
			);
			buildRules = (
			);
			dependencies = (
				AA5F54E72D293DD1004E1B62 /* PBXTargetDependency */,
			);
			fileSystemSynchronizedGroups = (
				AA5F54E82D293DD1004E1B62 /* SymetricCryptoTests */,
			);
			name = SymetricCryptoTests;
			packageProductDependencies = (
			);
			productName = SymetricCryptoTests;
			productReference = AA5F54E52D293DD1004E1B62 /* SymetricCryptoTests.xctest */;
			productType = "com.apple.product-type.bundle.unit-test";
		};
		AA5F54EE2D293DD1004E1B62 /* SymetricCryptoUITests */ = {
			isa = PBXNativeTarget;
			buildConfigurationList = AA5F54FF2D293DD1004E1B62 /* Build configuration list for PBXNativeTarget "SymetricCryptoUITests" */;
			buildPhases = (
				AA5F54EB2D293DD1004E1B62 /* Sources */,
				AA5F54EC2D293DD1004E1B62 /* Frameworks */,
				AA5F54ED2D293DD1004E1B62 /* Resources */,
			);
			buildRules = (
			);
			dependencies = (
				AA5F54F12D293DD1004E1B62 /* PBXTargetDependency */,
			);
			fileSystemSynchronizedGroups = (
				AA5F54F22D293DD1004E1B62 /* SymetricCryptoUITests */,
			);
			name = SymetricCryptoUITests;
			packageProductDependencies = (
			);
			productName = SymetricCryptoUITests;
			productReference = AA5F54EF2D293DD1004E1B62 /* SymetricCryptoUITests.xctest */;
			productType = "com.apple.product-type.bundle.ui-testing";
		};
/* End PBXNativeTarget section */

/* Begin PBXProject section */
		AA5F54C82D293DD0004E1B62 /* Project object */ = {
			isa = PBXProject;
			attributes = {
				BuildIndependentTargetsInParallel = 1;
				LastSwiftUpdateCheck = 1600;
				LastUpgradeCheck = 1600;
				TargetAttributes = {
					AA5F54CF2D293DD0004E1B62 = {
						CreatedOnToolsVersion = 16.0;
					};
					AA5F54E42D293DD1004E1B62 = {
						CreatedOnToolsVersion = 16.0;
						TestTargetID = AA5F54CF2D293DD0004E1B62;
					};
					AA5F54EE2D293DD1004E1B62 = {
						CreatedOnToolsVersion = 16.0;
						TestTargetID = AA5F54CF2D293DD0004E1B62;
					};
				};
			};
			buildConfigurationList = AA5F54CB2D293DD0004E1B62 /* Build configuration list for PBXProject "SymetricCrypto" */;
			developmentRegion = en;
			hasScannedForEncodings = 0;
			knownRegions = (
				en,
				Base,
			);
			mainGroup = AA5F54C72D293DD0004E1B62;
			minimizedProjectReferenceProxies = 1;
			preferredProjectObjectVersion = 77;
			productRefGroup = AA5F54D12D293DD0004E1B62 /* Products */;
			projectDirPath = "";
			projectRoot = "";
			targets = (
				AA5F54CF2D293DD0004E1B62 /* SymetricCrypto */,
				AA5F54E42D293DD1004E1B62 /* SymetricCryptoTests */,
				AA5F54EE2D293DD1004E1B62 /* SymetricCryptoUITests */,
			);
		};
/* End PBXProject section */

/* Begin PBXResourcesBuildPhase section */
		AA5F54CE2D293DD0004E1B62 /* Resources */ = {
			isa = PBXResourcesBuildPhase;
			buildActionMask = 2147483647;
			files = (
			);
			runOnlyForDeploymentPostprocessing = 0;
		};
		AA5F54E32D293DD1004E1B62 /* Resources */ = {
			isa = PBXResourcesBuildPhase;
			buildActionMask = 2147483647;
			files = (
			);
			runOnlyForDeploymentPostprocessing = 0;
		};
		AA5F54ED2D293DD1004E1B62 /* Resources */ = {
			isa = PBXResourcesBuildPhase;
			buildActionMask = 2147483647;
			files = (
			);
			runOnlyForDeploymentPostprocessing = 0;
		};
/* End PBXResourcesBuildPhase section */

/* Begin PBXSourcesBuildPhase section */
		AA5F54CC2D293DD0004E1B62 /* Sources */ = {
			isa = PBXSourcesBuildPhase;
			buildActionMask = 2147483647;
			files = (
			);
			runOnlyForDeploymentPostprocessing = 0;
		};
		AA5F54E12D293DD1004E1B62 /* Sources */ = {
			isa = PBXSourcesBuildPhase;
			buildActionMask = 2147483647;
			files = (
			);
			runOnlyForDeploymentPostprocessing = 0;
		};
		AA5F54EB2D293DD1004E1B62 /* Sources */ = {
			isa = PBXSourcesBuildPhase;
			buildActionMask = 2147483647;
			files = (
			);
			runOnlyForDeploymentPostprocessing = 0;
		};
/* End PBXSourcesBuildPhase section */

/* Begin PBXTargetDependency section */
		AA5F54E72D293DD1004E1B62 /* PBXTargetDependency */ = {
			isa = PBXTargetDependency;
			target = AA5F54CF2D293DD0004E1B62 /* SymetricCrypto */;
			targetProxy = AA5F54E62D293DD1004E1B62 /* PBXContainerItemProxy */;
		};
		AA5F54F12D293DD1004E1B62 /* PBXTargetDependency */ = {
			isa = PBXTargetDependency;
			target = AA5F54CF2D293DD0004E1B62 /* SymetricCrypto */;
			targetProxy = AA5F54F02D293DD1004E1B62 /* PBXContainerItemProxy */;
		};
/* End PBXTargetDependency section */

/* Begin XCBuildConfiguration section */
		AA5F54F72D293DD1004E1B62 /* Debug */ = {
			isa = XCBuildConfiguration;
			buildSettings = {
				ALWAYS_SEARCH_USER_PATHS = NO;
				ASSETCATALOG_COMPILER_GENERATE_SWIFT_ASSET_SYMBOL_EXTENSIONS = YES;
				CLANG_ANALYZER_NONNULL = YES;
				CLANG_ANALYZER_NUMBER_OBJECT_CONVERSION = YES_AGGRESSIVE;
				CLANG_CXX_LANGUAGE_STANDARD = "gnu++20";
				CLANG_ENABLE_MODULES = YES;
				CLANG_ENABLE_OBJC_ARC = YES;
				CLANG_ENABLE_OBJC_WEAK = YES;
				CLANG_WARN_BLOCK_CAPTURE_AUTORELEASING = YES;
				CLANG_WARN_BOOL_CONVERSION = YES;
				CLANG_WARN_COMMA = YES;
				CLANG_WARN_CONSTANT_CONVERSION = YES;
				CLANG_WARN_DEPRECATED_OBJC_IMPLEMENTATIONS = YES;
				CLANG_WARN_DIRECT_OBJC_ISA_USAGE = YES_ERROR;
				CLANG_WARN_DOCUMENTATION_COMMENTS = YES;
				CLANG_WARN_EMPTY_BODY = YES;
				CLANG_WARN_ENUM_CONVERSION = YES;
				CLANG_WARN_INFINITE_RECURSION = YES;
				CLANG_WARN_INT_CONVERSION = YES;
				CLANG_WARN_NON_LITERAL_NULL_CONVERSION = YES;
				CLANG_WARN_OBJC_IMPLICIT_RETAIN_SELF = YES;
				CLANG_WARN_OBJC_LITERAL_CONVERSION = YES;
				CLANG_WARN_OBJC_ROOT_CLASS = YES_ERROR;
				CLANG_WARN_QUOTED_INCLUDE_IN_FRAMEWORK_HEADER = YES;
				CLANG_WARN_RANGE_LOOP_ANALYSIS = YES;
				CLANG_WARN_STRICT_PROTOTYPES = YES;
				CLANG_WARN_SUSPICIOUS_MOVE = YES;
				CLANG_WARN_UNGUARDED_AVAILABILITY = YES_AGGRESSIVE;
				CLANG_WARN_UNREACHABLE_CODE = YES;
				CLANG_WARN__DUPLICATE_METHOD_MATCH = YES;
				COPY_PHASE_STRIP = NO;
				DEBUG_INFORMATION_FORMAT = dwarf;
				ENABLE_STRICT_OBJC_MSGSEND = YES;
				ENABLE_TESTABILITY = YES;
				ENABLE_USER_SCRIPT_SANDBOXING = YES;
				GCC_C_LANGUAGE_STANDARD = gnu17;
				GCC_DYNAMIC_NO_PIC = NO;
				GCC_NO_COMMON_BLOCKS = YES;
				GCC_OPTIMIZATION_LEVEL = 0;
				GCC_PREPROCESSOR_DEFINITIONS = (
					"DEBUG=1",
					"$(inherited)",
				);
				GCC_WARN_64_TO_32_BIT_CONVERSION = YES;
				GCC_WARN_ABOUT_RETURN_TYPE = YES_ERROR;
				GCC_WARN_UNDECLARED_SELECTOR = YES;
				GCC_WARN_UNINITIALIZED_AUTOS = YES_AGGRESSIVE;
				GCC_WARN_UNUSED_FUNCTION = YES;
				GCC_WARN_UNUSED_VARIABLE = YES;
				IPHONEOS_DEPLOYMENT_TARGET = 18.0;
				LOCALIZATION_PREFERS_STRING_CATALOGS = YES;
				MTL_ENABLE_DEBUG_INFO = INCLUDE_SOURCE;
				MTL_FAST_MATH = YES;
				ONLY_ACTIVE_ARCH = YES;
				SDKROOT = iphoneos;
				SWIFT_ACTIVE_COMPILATION_CONDITIONS = "DEBUG $(inherited)";
				SWIFT_OPTIMIZATION_LEVEL = "-Onone";
			};
			name = Debug;
		};
		AA5F54F82D293DD1004E1B62 /* Release */ = {
			isa = XCBuildConfiguration;
			buildSettings = {
				ALWAYS_SEARCH_USER_PATHS = NO;
				ASSETCATALOG_COMPILER_GENERATE_SWIFT_ASSET_SYMBOL_EXTENSIONS = YES;
				CLANG_ANALYZER_NONNULL = YES;
				CLANG_ANALYZER_NUMBER_OBJECT_CONVERSION = YES_AGGRESSIVE;
				CLANG_CXX_LANGUAGE_STANDARD = "gnu++20";
				CLANG_ENABLE_MODULES = YES;
				CLANG_ENABLE_OBJC_ARC = YES;
				CLANG_ENABLE_OBJC_WEAK = YES;
				CLANG_WARN_BLOCK_CAPTURE_AUTORELEASING = YES;
				CLANG_WARN_BOOL_CONVERSION = YES;
				CLANG_WARN_COMMA = YES;
				CLANG_WARN_CONSTANT_CONVERSION = YES;
				CLANG_WARN_DEPRECATED_OBJC_IMPLEMENTATIONS = YES;
				CLANG_WARN_DIRECT_OBJC_ISA_USAGE = YES_ERROR;
				CLANG_WARN_DOCUMENTATION_COMMENTS = YES;
				CLANG_WARN_EMPTY_BODY = YES;
				CLANG_WARN_ENUM_CONVERSION = YES;
				CLANG_WARN_INFINITE_RECURSION = YES;
				CLANG_WARN_INT_CONVERSION = YES;
				CLANG_WARN_NON_LITERAL_NULL_CONVERSION = YES;
				CLANG_WARN_OBJC_IMPLICIT_RETAIN_SELF = YES;
				CLANG_WARN_OBJC_LITERAL_CONVERSION = YES;
				CLANG_WARN_OBJC_ROOT_CLASS = YES_ERROR;
				CLANG_WARN_QUOTED_INCLUDE_IN_FRAMEWORK_HEADER = YES;
				CLANG_WARN_RANGE_LOOP_ANALYSIS = YES;
				CLANG_WARN_STRICT_PROTOTYPES = YES;
				CLANG_WARN_SUSPICIOUS_MOVE = YES;
				CLANG_WARN_UNGUARDED_AVAILABILITY = YES_AGGRESSIVE;
				CLANG_WARN_UNREACHABLE_CODE = YES;
				CLANG_WARN__DUPLICATE_METHOD_MATCH = YES;
				COPY_PHASE_STRIP = NO;
				DEBUG_INFORMATION_FORMAT = "dwarf-with-dsym";
				ENABLE_NS_ASSERTIONS = NO;
				ENABLE_STRICT_OBJC_MSGSEND = YES;
				ENABLE_USER_SCRIPT_SANDBOXING = YES;
				GCC_C_LANGUAGE_STANDARD = gnu17;
				GCC_NO_COMMON_BLOCKS = YES;
				GCC_WARN_64_TO_32_BIT_CONVERSION = YES;
				GCC_WARN_ABOUT_RETURN_TYPE = YES_ERROR;
				GCC_WARN_UNDECLARED_SELECTOR = YES;
				GCC_WARN_UNINITIALIZED_AUTOS = YES_AGGRESSIVE;
				GCC_WARN_UNUSED_FUNCTION = YES;
				GCC_WARN_UNUSED_VARIABLE = YES;
				IPHONEOS_DEPLOYMENT_TARGET = 18.0;
				LOCALIZATION_PREFERS_STRING_CATALOGS = YES;
				MTL_ENABLE_DEBUG_INFO = NO;
				MTL_FAST_MATH = YES;
				SDKROOT = iphoneos;
				SWIFT_COMPILATION_MODE = wholemodule;
				VALIDATE_PRODUCT = YES;
			};
			name = Release;
		};
		AA5F54FA2D293DD1004E1B62 /* Debug */ = {
			isa = XCBuildConfiguration;
			buildSettings = {
				ASSETCATALOG_COMPILER_APPICON_NAME = AppIcon;
				ASSETCATALOG_COMPILER_GLOBAL_ACCENT_COLOR_NAME = AccentColor;
				CODE_SIGN_STYLE = Automatic;
				CURRENT_PROJECT_VERSION = 1;
				DEVELOPMENT_ASSET_PATHS = "\"SymetricCrypto/Preview Content\"";
				ENABLE_PREVIEWS = YES;
				GENERATE_INFOPLIST_FILE = YES;
				INFOPLIST_KEY_UIApplicationSceneManifest_Generation = YES;
				INFOPLIST_KEY_UIApplicationSupportsIndirectInputEvents = YES;
				INFOPLIST_KEY_UILaunchScreen_Generation = YES;
				INFOPLIST_KEY_UISupportedInterfaceOrientations_iPad = "UIInterfaceOrientationPortrait UIInterfaceOrientationPortraitUpsideDown UIInterfaceOrientationLandscapeLeft UIInterfaceOrientationLandscapeRight";
				INFOPLIST_KEY_UISupportedInterfaceOrientations_iPhone = "UIInterfaceOrientationPortrait UIInterfaceOrientationLandscapeLeft UIInterfaceOrientationLandscapeRight";
				LD_RUNPATH_SEARCH_PATHS = (
					"$(inherited)",
					"@executable_path/Frameworks",
				);
				MARKETING_VERSION = 1.0;
				PRODUCT_BUNDLE_IDENTIFIER = ravi.raja.apple.SymetricCrypto;
				PRODUCT_NAME = "$(TARGET_NAME)";
				SWIFT_EMIT_LOC_STRINGS = YES;
				SWIFT_VERSION = 5.0;
				TARGETED_DEVICE_FAMILY = "1,2";
			};
			name = Debug;
		};
		AA5F54FB2D293DD1004E1B62 /* Release */ = {
			isa = XCBuildConfiguration;
			buildSettings = {
				ASSETCATALOG_COMPILER_APPICON_NAME = AppIcon;
				ASSETCATALOG_COMPILER_GLOBAL_ACCENT_COLOR_NAME = AccentColor;
				CODE_SIGN_STYLE = Automatic;
				CURRENT_PROJECT_VERSION = 1;
				DEVELOPMENT_ASSET_PATHS = "\"SymetricCrypto/Preview Content\"";
				ENABLE_PREVIEWS = YES;
				GENERATE_INFOPLIST_FILE = YES;
				INFOPLIST_KEY_UIApplicationSceneManifest_Generation = YES;
				INFOPLIST_KEY_UIApplicationSupportsIndirectInputEvents = YES;
				INFOPLIST_KEY_UILaunchScreen_Generation = YES;
				INFOPLIST_KEY_UISupportedInterfaceOrientations_iPad = "UIInterfaceOrientationPortrait UIInterfaceOrientationPortraitUpsideDown UIInterfaceOrientationLandscapeLeft UIInterfaceOrientationLandscapeRight";
				INFOPLIST_KEY_UISupportedInterfaceOrientations_iPhone = "UIInterfaceOrientationPortrait UIInterfaceOrientationLandscapeLeft UIInterfaceOrientationLandscapeRight";
				LD_RUNPATH_SEARCH_PATHS = (
					"$(inherited)",
					"@executable_path/Frameworks",
				);
				MARKETING_VERSION = 1.0;
				PRODUCT_BUNDLE_IDENTIFIER = ravi.raja.apple.SymetricCrypto;
				PRODUCT_NAME = "$(TARGET_NAME)";
				SWIFT_EMIT_LOC_STRINGS = YES;
				SWIFT_VERSION = 5.0;
				TARGETED_DEVICE_FAMILY = "1,2";
			};
			name = Release;
		};
		AA5F54FD2D293DD1004E1B62 /* Debug */ = {
			isa = XCBuildConfiguration;
			buildSettings = {
				BUNDLE_LOADER = "$(TEST_HOST)";
				CODE_SIGN_STYLE = Automatic;
				CURRENT_PROJECT_VERSION = 1;
				GENERATE_INFOPLIST_FILE = YES;
				IPHONEOS_DEPLOYMENT_TARGET = 18.0;
				MARKETING_VERSION = 1.0;
				PRODUCT_BUNDLE_IDENTIFIER = ravi.raja.apple.SymetricCryptoTests;
				PRODUCT_NAME = "$(TARGET_NAME)";
				SWIFT_EMIT_LOC_STRINGS = NO;
				SWIFT_VERSION = 5.0;
				TARGETED_DEVICE_FAMILY = "1,2";
				TEST_HOST = "$(BUILT_PRODUCTS_DIR)/SymetricCrypto.app/$(BUNDLE_EXECUTABLE_FOLDER_PATH)/SymetricCrypto";
			};
			name = Debug;
		};
		AA5F54FE2D293DD1004E1B62 /* Release */ = {
			isa = XCBuildConfiguration;
			buildSettings = {
				BUNDLE_LOADER = "$(TEST_HOST)";
				CODE_SIGN_STYLE = Automatic;
				CURRENT_PROJECT_VERSION = 1;
				GENERATE_INFOPLIST_FILE = YES;
				IPHONEOS_DEPLOYMENT_TARGET = 18.0;
				MARKETING_VERSION = 1.0;
				PRODUCT_BUNDLE_IDENTIFIER = ravi.raja.apple.SymetricCryptoTests;
				PRODUCT_NAME = "$(TARGET_NAME)";
				SWIFT_EMIT_LOC_STRINGS = NO;
				SWIFT_VERSION = 5.0;
				TARGETED_DEVICE_FAMILY = "1,2";
				TEST_HOST = "$(BUILT_PRODUCTS_DIR)/SymetricCrypto.app/$(BUNDLE_EXECUTABLE_FOLDER_PATH)/SymetricCrypto";
			};
			name = Release;
		};
		AA5F55002D293DD1004E1B62 /* Debug */ = {
			isa = XCBuildConfiguration;
			buildSettings = {
				CODE_SIGN_STYLE = Automatic;
				CURRENT_PROJECT_VERSION = 1;
				GENERATE_INFOPLIST_FILE = YES;
				MARKETING_VERSION = 1.0;
				PRODUCT_BUNDLE_IDENTIFIER = ravi.raja.apple.SymetricCryptoUITests;
				PRODUCT_NAME = "$(TARGET_NAME)";
				SWIFT_EMIT_LOC_STRINGS = NO;
				SWIFT_VERSION = 5.0;
				TARGETED_DEVICE_FAMILY = "1,2";
				TEST_TARGET_NAME = SymetricCrypto;
			};
			name = Debug;
		};
		AA5F55012D293DD1004E1B62 /* Release */ = {
			isa = XCBuildConfiguration;
			buildSettings = {
				CODE_SIGN_STYLE = Automatic;
				CURRENT_PROJECT_VERSION = 1;
				GENERATE_INFOPLIST_FILE = YES;
				MARKETING_VERSION = 1.0;
				PRODUCT_BUNDLE_IDENTIFIER = ravi.raja.apple.SymetricCryptoUITests;
				PRODUCT_NAME = "$(TARGET_NAME)";
				SWIFT_EMIT_LOC_STRINGS = NO;
				SWIFT_VERSION = 5.0;
				TARGETED_DEVICE_FAMILY = "1,2";
				TEST_TARGET_NAME = SymetricCrypto;
			};
			name = Release;
		};
/* End XCBuildConfiguration section */

/* Begin XCConfigurationList section */
		AA5F54CB2D293DD0004E1B62 /* Build configuration list for PBXProject "SymetricCrypto" */ = {
			isa = XCConfigurationList;
			buildConfigurations = (
				AA5F54F72D293DD1004E1B62 /* Debug */,
				AA5F54F82D293DD1004E1B62 /* Release */,
			);
			defaultConfigurationIsVisible = 0;
			defaultConfigurationName = Release;
		};
		AA5F54F92D293DD1004E1B62 /* Build configuration list for PBXNativeTarget "SymetricCrypto" */ = {
			isa = XCConfigurationList;
			buildConfigurations = (
				AA5F54FA2D293DD1004E1B62 /* Debug */,
				AA5F54FB2D293DD1004E1B62 /* Release */,
			);
			defaultConfigurationIsVisible = 0;
			defaultConfigurationName = Release;
		};
		AA5F54FC2D293DD1004E1B62 /* Build configuration list for PBXNativeTarget "SymetricCryptoTests" */ = {
			isa = XCConfigurationList;
			buildConfigurations = (
				AA5F54FD2D293DD1004E1B62 /* Debug */,
				AA5F54FE2D293DD1004E1B62 /* Release */,
			);
			defaultConfigurationIsVisible = 0;
			defaultConfigurationName = Release;
		};
		AA5F54FF2D293DD1004E1B62 /* Build configuration list for PBXNativeTarget "SymetricCryptoUITests" */ = {
			isa = XCConfigurationList;
			buildConfigurations = (
				AA5F55002D293DD1004E1B62 /* Debug */,
				AA5F55012D293DD1004E1B62 /* Release */,
			);
			defaultConfigurationIsVisible = 0;
			defaultConfigurationName = Release;
		};
/* End XCConfigurationList section */
	};
	rootObject = AA5F54C82D293DD0004E1B62 /* Project object */;
}
